// !$*UTF8*$!
{
	archiveVersion = 1;
	classes = {
	};
	objectVersion = 56;
	objects = {

/* Begin PBXBuildFile section */
		E410FA492AE2DD2A00F2B8F0 /* Router.swift in Sources */ = {isa = PBXBuildFile; fileRef = E410FA482AE2DD2A00F2B8F0 /* Router.swift */; };
		E410FA4C2AE2E18900F2B8F0 /* SubmitReviewView.swift in Sources */ = {isa = PBXBuildFile; fileRef = E410FA4B2AE2E18900F2B8F0 /* SubmitReviewView.swift */; };
		E410FA4E2AE2E19A00F2B8F0 /* DashboardView.swift in Sources */ = {isa = PBXBuildFile; fileRef = E410FA4D2AE2E19A00F2B8F0 /* DashboardView.swift */; };
		E410FA5D2AE39B6A00F2B8F0 /* RadhiTests.swift in Sources */ = {isa = PBXBuildFile; fileRef = E410FA5C2AE39B6A00F2B8F0 /* RadhiTests.swift */; };
		E410FA662AE39C4500F2B8F0 /* LoginViewModelTest.swift in Sources */ = {isa = PBXBuildFile; fileRef = E410FA652AE39C4500F2B8F0 /* LoginViewModelTest.swift */; };
		E42B58C92B108D6B00FCC9B3 /* CustomAlert.swift in Sources */ = {isa = PBXBuildFile; fileRef = E42B58C82B108D6B00FCC9B3 /* CustomAlert.swift */; };
		E42B58CB2B10911A00FCC9B3 /* ButtonExtension.swift in Sources */ = {isa = PBXBuildFile; fileRef = E42B58CA2B10911A00FCC9B3 /* ButtonExtension.swift */; };
		E42B58CE2B1093C300FCC9B3 /* AuthService.swift in Sources */ = {isa = PBXBuildFile; fileRef = E42B58CD2B1093C300FCC9B3 /* AuthService.swift */; };
		E42B58D02B10A9E900FCC9B3 /* APISession.swift in Sources */ = {isa = PBXBuildFile; fileRef = E42B58CF2B10A9E900FCC9B3 /* APISession.swift */; };
		E42B58D82B10AB3400FCC9B3 /* LoginRequest.swift in Sources */ = {isa = PBXBuildFile; fileRef = E42B58D72B10AB3400FCC9B3 /* LoginRequest.swift */; };
		E42B58DB2B10B67000FCC9B3 /* HttpMethods.swift in Sources */ = {isa = PBXBuildFile; fileRef = E42B58DA2B10B67000FCC9B3 /* HttpMethods.swift */; };
		E42B58DD2B10BB7600FCC9B3 /* LoginResponse.swift in Sources */ = {isa = PBXBuildFile; fileRef = E42B58DC2B10BB7600FCC9B3 /* LoginResponse.swift */; };
		E42B58DF2B10BE9A00FCC9B3 /* swiftlint.yml in Resources */ = {isa = PBXBuildFile; fileRef = E42B58DE2B10BE9A00FCC9B3 /* swiftlint.yml */; };
		E47CA6D62B10C5BA001AD1BE /* .swiftlint.yml in Resources */ = {isa = PBXBuildFile; fileRef = E47CA6D52B10C5BA001AD1BE /* .swiftlint.yml */; };
		E47CA6D82B11E7CE001AD1BE /* CustomBackButton.swift in Sources */ = {isa = PBXBuildFile; fileRef = E47CA6D72B11E7CE001AD1BE /* CustomBackButton.swift */; };
		E47CA6DA2B121901001AD1BE /* CustomRequiredTextField.swift in Sources */ = {isa = PBXBuildFile; fileRef = E47CA6D92B121901001AD1BE /* CustomRequiredTextField.swift */; };
		E487FE6F2A24880D0046D0FB /* RadhiApp.swift in Sources */ = {isa = PBXBuildFile; fileRef = E487FE6E2A24880D0046D0FB /* RadhiApp.swift */; };
		E487FE732A24880E0046D0FB /* Assets.xcassets in Resources */ = {isa = PBXBuildFile; fileRef = E487FE722A24880E0046D0FB /* Assets.xcassets */; };
		E487FE762A24880E0046D0FB /* Preview Assets.xcassets in Resources */ = {isa = PBXBuildFile; fileRef = E487FE752A24880E0046D0FB /* Preview Assets.xcassets */; };
		E487FE812A2B80160046D0FB /* RegistrationView.swift in Sources */ = {isa = PBXBuildFile; fileRef = E487FE802A2B80160046D0FB /* RegistrationView.swift */; };
		E487FE842A2B80510046D0FB /* Constants.swift in Sources */ = {isa = PBXBuildFile; fileRef = E487FE832A2B80510046D0FB /* Constants.swift */; };
		E487FE872A2B80840046D0FB /* ColorExtension.swift in Sources */ = {isa = PBXBuildFile; fileRef = E487FE862A2B80840046D0FB /* ColorExtension.swift */; };
		E487FE892A2B822E0046D0FB /* LoginView.swift in Sources */ = {isa = PBXBuildFile; fileRef = E487FE882A2B822E0046D0FB /* LoginView.swift */; };
		E487FE8D2A2B82B40046D0FB /* CustomEmailField.swift in Sources */ = {isa = PBXBuildFile; fileRef = E487FE8C2A2B82B40046D0FB /* CustomEmailField.swift */; };
		E487FE8F2A2B82CD0046D0FB /* Util.swift in Sources */ = {isa = PBXBuildFile; fileRef = E487FE8E2A2B82CD0046D0FB /* Util.swift */; };
		E487FE912A2B83730046D0FB /* TextExtension.swift in Sources */ = {isa = PBXBuildFile; fileRef = E487FE902A2B83730046D0FB /* TextExtension.swift */; };
		E487FE932A2B84240046D0FB /* CustomPasswordField.swift in Sources */ = {isa = PBXBuildFile; fileRef = E487FE922A2B84240046D0FB /* CustomPasswordField.swift */; };
		E487FE952A2B84A80046D0FB /* LoginViewModel.swift in Sources */ = {isa = PBXBuildFile; fileRef = E487FE942A2B84A80046D0FB /* LoginViewModel.swift */; };
		E487FE972A2B94F80046D0FB /* RegistrationViewModel.swift in Sources */ = {isa = PBXBuildFile; fileRef = E487FE962A2B94F80046D0FB /* RegistrationViewModel.swift */; };
		E487FE992A2B95E40046D0FB /* Branch.swift in Sources */ = {isa = PBXBuildFile; fileRef = E487FE982A2B95E40046D0FB /* Branch.swift */; };
		E487FEC12A34BA380046D0FB /* Localizable.strings in Resources */ = {isa = PBXBuildFile; fileRef = E487FEC32A34BA380046D0FB /* Localizable.strings */; };
/* End PBXBuildFile section */

/* Begin PBXContainerItemProxy section */
		E410FA5E2AE39B6A00F2B8F0 /* PBXContainerItemProxy */ = {
			isa = PBXContainerItemProxy;
			containerPortal = E487FE632A24880D0046D0FB /* Project object */;
			proxyType = 1;
			remoteGlobalIDString = E487FE6A2A24880D0046D0FB;
			remoteInfo = Radhi;
		};
/* End PBXContainerItemProxy section */

/* Begin PBXFileReference section */
		E410FA482AE2DD2A00F2B8F0 /* Router.swift */ = {isa = PBXFileReference; lastKnownFileType = sourcecode.swift; path = Router.swift; sourceTree = "<group>"; };
		E410FA4B2AE2E18900F2B8F0 /* SubmitReviewView.swift */ = {isa = PBXFileReference; lastKnownFileType = sourcecode.swift; path = SubmitReviewView.swift; sourceTree = "<group>"; };
		E410FA4D2AE2E19A00F2B8F0 /* DashboardView.swift */ = {isa = PBXFileReference; lastKnownFileType = sourcecode.swift; path = DashboardView.swift; sourceTree = "<group>"; };
		E410FA5A2AE39B6A00F2B8F0 /* RadhiTests.xctest */ = {isa = PBXFileReference; explicitFileType = wrapper.cfbundle; includeInIndex = 0; path = RadhiTests.xctest; sourceTree = BUILT_PRODUCTS_DIR; };
		E410FA5C2AE39B6A00F2B8F0 /* RadhiTests.swift */ = {isa = PBXFileReference; lastKnownFileType = sourcecode.swift; path = RadhiTests.swift; sourceTree = "<group>"; };
		E410FA652AE39C4500F2B8F0 /* LoginViewModelTest.swift */ = {isa = PBXFileReference; lastKnownFileType = sourcecode.swift; path = LoginViewModelTest.swift; sourceTree = "<group>"; };
		E42B58C82B108D6B00FCC9B3 /* CustomAlert.swift */ = {isa = PBXFileReference; lastKnownFileType = sourcecode.swift; path = CustomAlert.swift; sourceTree = "<group>"; };
		E42B58CA2B10911A00FCC9B3 /* ButtonExtension.swift */ = {isa = PBXFileReference; lastKnownFileType = sourcecode.swift; path = ButtonExtension.swift; sourceTree = "<group>"; };
		E42B58CD2B1093C300FCC9B3 /* AuthService.swift */ = {isa = PBXFileReference; lastKnownFileType = sourcecode.swift; path = AuthService.swift; sourceTree = "<group>"; };
		E42B58CF2B10A9E900FCC9B3 /* APISession.swift */ = {isa = PBXFileReference; lastKnownFileType = sourcecode.swift; path = APISession.swift; sourceTree = "<group>"; };
		E42B58D72B10AB3400FCC9B3 /* LoginRequest.swift */ = {isa = PBXFileReference; lastKnownFileType = sourcecode.swift; path = LoginRequest.swift; sourceTree = "<group>"; };
		E42B58DA2B10B67000FCC9B3 /* HttpMethods.swift */ = {isa = PBXFileReference; lastKnownFileType = sourcecode.swift; path = HttpMethods.swift; sourceTree = "<group>"; };
		E42B58DC2B10BB7600FCC9B3 /* LoginResponse.swift */ = {isa = PBXFileReference; lastKnownFileType = sourcecode.swift; path = LoginResponse.swift; sourceTree = "<group>"; };
		E42B58DE2B10BE9A00FCC9B3 /* swiftlint.yml */ = {isa = PBXFileReference; lastKnownFileType = text.yaml; path = swiftlint.yml; sourceTree = "<group>"; };
		E47CA6D52B10C5BA001AD1BE /* .swiftlint.yml */ = {isa = PBXFileReference; lastKnownFileType = text.yaml; path = .swiftlint.yml; sourceTree = "<group>"; };
		E47CA6D72B11E7CE001AD1BE /* CustomBackButton.swift */ = {isa = PBXFileReference; lastKnownFileType = sourcecode.swift; path = CustomBackButton.swift; sourceTree = "<group>"; };
		E47CA6D92B121901001AD1BE /* CustomRequiredTextField.swift */ = {isa = PBXFileReference; lastKnownFileType = sourcecode.swift; path = CustomRequiredTextField.swift; sourceTree = "<group>"; };
		E487FE6B2A24880D0046D0FB /* Radhi.app */ = {isa = PBXFileReference; explicitFileType = wrapper.application; includeInIndex = 0; path = Radhi.app; sourceTree = BUILT_PRODUCTS_DIR; };
		E487FE6E2A24880D0046D0FB /* RadhiApp.swift */ = {isa = PBXFileReference; lastKnownFileType = sourcecode.swift; path = RadhiApp.swift; sourceTree = "<group>"; };
		E487FE722A24880E0046D0FB /* Assets.xcassets */ = {isa = PBXFileReference; lastKnownFileType = folder.assetcatalog; path = Assets.xcassets; sourceTree = "<group>"; };
		E487FE752A24880E0046D0FB /* Preview Assets.xcassets */ = {isa = PBXFileReference; lastKnownFileType = folder.assetcatalog; path = "Preview Assets.xcassets"; sourceTree = "<group>"; };
		E487FE802A2B80160046D0FB /* RegistrationView.swift */ = {isa = PBXFileReference; lastKnownFileType = sourcecode.swift; path = RegistrationView.swift; sourceTree = "<group>"; };
		E487FE832A2B80510046D0FB /* Constants.swift */ = {isa = PBXFileReference; lastKnownFileType = sourcecode.swift; path = Constants.swift; sourceTree = "<group>"; };
		E487FE862A2B80840046D0FB /* ColorExtension.swift */ = {isa = PBXFileReference; lastKnownFileType = sourcecode.swift; path = ColorExtension.swift; sourceTree = "<group>"; };
		E487FE882A2B822E0046D0FB /* LoginView.swift */ = {isa = PBXFileReference; lastKnownFileType = sourcecode.swift; path = LoginView.swift; sourceTree = "<group>"; };
		E487FE8C2A2B82B40046D0FB /* CustomEmailField.swift */ = {isa = PBXFileReference; lastKnownFileType = sourcecode.swift; path = CustomEmailField.swift; sourceTree = "<group>"; };
		E487FE8E2A2B82CD0046D0FB /* Util.swift */ = {isa = PBXFileReference; lastKnownFileType = sourcecode.swift; path = Util.swift; sourceTree = "<group>"; };
		E487FE902A2B83730046D0FB /* TextExtension.swift */ = {isa = PBXFileReference; lastKnownFileType = sourcecode.swift; path = TextExtension.swift; sourceTree = "<group>"; };
		E487FE922A2B84240046D0FB /* CustomPasswordField.swift */ = {isa = PBXFileReference; lastKnownFileType = sourcecode.swift; path = CustomPasswordField.swift; sourceTree = "<group>"; };
		E487FE942A2B84A80046D0FB /* LoginViewModel.swift */ = {isa = PBXFileReference; lastKnownFileType = sourcecode.swift; path = LoginViewModel.swift; sourceTree = "<group>"; };
		E487FE962A2B94F80046D0FB /* RegistrationViewModel.swift */ = {isa = PBXFileReference; lastKnownFileType = sourcecode.swift; path = RegistrationViewModel.swift; sourceTree = "<group>"; };
		E487FE982A2B95E40046D0FB /* Branch.swift */ = {isa = PBXFileReference; lastKnownFileType = sourcecode.swift; path = Branch.swift; sourceTree = "<group>"; };
		E487FEC22A34BA380046D0FB /* en */ = {isa = PBXFileReference; lastKnownFileType = text.plist.strings; name = en; path = en.lproj/Localizable.strings; sourceTree = "<group>"; };
		E487FEC42A34BA420046D0FB /* ar */ = {isa = PBXFileReference; lastKnownFileType = text.plist.strings; name = ar; path = ar.lproj/Localizable.strings; sourceTree = "<group>"; };
/* End PBXFileReference section */

/* Begin PBXFrameworksBuildPhase section */
		E410FA572AE39B6A00F2B8F0 /* Frameworks */ = {
			isa = PBXFrameworksBuildPhase;
			buildActionMask = 2147483647;
			files = (
			);
			runOnlyForDeploymentPostprocessing = 0;
		};
		E487FE682A24880D0046D0FB /* Frameworks */ = {
			isa = PBXFrameworksBuildPhase;
			buildActionMask = 2147483647;
			files = (
			);
			runOnlyForDeploymentPostprocessing = 0;
		};
/* End PBXFrameworksBuildPhase section */

/* Begin PBXGroup section */
		E410FA472AE2DD1400F2B8F0 /* Router */ = {
			isa = PBXGroup;
			children = (
				E410FA482AE2DD2A00F2B8F0 /* Router.swift */,
			);
			path = Router;
			sourceTree = "<group>";
		};
		E410FA4F2AE2EE9700F2B8F0 /* Features */ = {
			isa = PBXGroup;
			children = (
				E410FA512AE2EEB000F2B8F0 /* HomeFeatures */,
				E410FA502AE2EEA200F2B8F0 /* AuthFeatures */,
			);
			path = Features;
			sourceTree = "<group>";
		};
		E410FA502AE2EEA200F2B8F0 /* AuthFeatures */ = {
			isa = PBXGroup;
			children = (
				E410FA532AE2EECC00F2B8F0 /* Register */,
				E410FA522AE2EEC300F2B8F0 /* Login */,
			);
			path = AuthFeatures;
			sourceTree = "<group>";
		};
		E410FA512AE2EEB000F2B8F0 /* HomeFeatures */ = {
			isa = PBXGroup;
			children = (
				E410FA552AE2EEDE00F2B8F0 /* SubmitReview */,
				E410FA542AE2EED700F2B8F0 /* Dashboard */,
			);
			path = HomeFeatures;
			sourceTree = "<group>";
		};
		E410FA522AE2EEC300F2B8F0 /* Login */ = {
			isa = PBXGroup;
			children = (
				E487FE942A2B84A80046D0FB /* LoginViewModel.swift */,
				E487FE882A2B822E0046D0FB /* LoginView.swift */,
			);
			path = Login;
			sourceTree = "<group>";
		};
		E410FA532AE2EECC00F2B8F0 /* Register */ = {
			isa = PBXGroup;
			children = (
				E487FE802A2B80160046D0FB /* RegistrationView.swift */,
				E487FE962A2B94F80046D0FB /* RegistrationViewModel.swift */,
			);
			path = Register;
			sourceTree = "<group>";
		};
		E410FA542AE2EED700F2B8F0 /* Dashboard */ = {
			isa = PBXGroup;
			children = (
				E410FA4D2AE2E19A00F2B8F0 /* DashboardView.swift */,
			);
			path = Dashboard;
			sourceTree = "<group>";
		};
		E410FA552AE2EEDE00F2B8F0 /* SubmitReview */ = {
			isa = PBXGroup;
			children = (
				E410FA4B2AE2E18900F2B8F0 /* SubmitReviewView.swift */,
			);
			path = SubmitReview;
			sourceTree = "<group>";
		};
		E410FA5B2AE39B6A00F2B8F0 /* RadhiTests */ = {
			isa = PBXGroup;
			children = (
				E410FA5C2AE39B6A00F2B8F0 /* RadhiTests.swift */,
				E410FA632AE39C1800F2B8F0 /* AuthFeaturesTest */,
			);
			path = RadhiTests;
			sourceTree = "<group>";
		};
		E410FA632AE39C1800F2B8F0 /* AuthFeaturesTest */ = {
			isa = PBXGroup;
			children = (
				E410FA642AE39C2400F2B8F0 /* LoginTests */,
			);
			path = AuthFeaturesTest;
			sourceTree = "<group>";
		};
		E410FA642AE39C2400F2B8F0 /* LoginTests */ = {
			isa = PBXGroup;
			children = (
				E410FA652AE39C4500F2B8F0 /* LoginViewModelTest.swift */,
			);
			path = LoginTests;
			sourceTree = "<group>";
		};
		E42B58CC2B10939500FCC9B3 /* Services */ = {
			isa = PBXGroup;
			children = (
				E42B58D92B10B65700FCC9B3 /* ApiHelpers */,
				E42B58D42B10AAE800FCC9B3 /* AuthService */,
				E42B58CF2B10A9E900FCC9B3 /* APISession.swift */,
			);
			path = Services;
			sourceTree = "<group>";
		};
		E42B58D42B10AAE800FCC9B3 /* AuthService */ = {
			isa = PBXGroup;
			children = (
				E42B58CD2B1093C300FCC9B3 /* AuthService.swift */,
				E42B58D62B10AB0000FCC9B3 /* Responses */,
				E42B58D52B10AAF700FCC9B3 /* Requests */,
			);
			path = AuthService;
			sourceTree = "<group>";
		};
		E42B58D52B10AAF700FCC9B3 /* Requests */ = {
			isa = PBXGroup;
			children = (
				E42B58D72B10AB3400FCC9B3 /* LoginRequest.swift */,
			);
			path = Requests;
			sourceTree = "<group>";
		};
		E42B58D62B10AB0000FCC9B3 /* Responses */ = {
			isa = PBXGroup;
			children = (
				E42B58DC2B10BB7600FCC9B3 /* LoginResponse.swift */,
			);
			path = Responses;
			sourceTree = "<group>";
		};
		E42B58D92B10B65700FCC9B3 /* ApiHelpers */ = {
			isa = PBXGroup;
			children = (
				E42B58DA2B10B67000FCC9B3 /* HttpMethods.swift */,
			);
			path = ApiHelpers;
			sourceTree = "<group>";
		};
		E487FE622A24880D0046D0FB = {
			isa = PBXGroup;
			children = (
				E47CA6D52B10C5BA001AD1BE /* .swiftlint.yml */,
				E487FE6D2A24880D0046D0FB /* Radhi */,
				E410FA5B2AE39B6A00F2B8F0 /* RadhiTests */,
				E487FE6C2A24880D0046D0FB /* Products */,
			);
			sourceTree = "<group>";
		};
		E487FE6C2A24880D0046D0FB /* Products */ = {
			isa = PBXGroup;
			children = (
				E487FE6B2A24880D0046D0FB /* Radhi.app */,
				E410FA5A2AE39B6A00F2B8F0 /* RadhiTests.xctest */,
			);
			name = Products;
			sourceTree = "<group>";
		};
		E487FE6D2A24880D0046D0FB /* Radhi */ = {
			isa = PBXGroup;
			children = (
				E42B58DE2B10BE9A00FCC9B3 /* swiftlint.yml */,
				E410FA4F2AE2EE9700F2B8F0 /* Features */,
				E410FA472AE2DD1400F2B8F0 /* Router */,
				E42B58CC2B10939500FCC9B3 /* Services */,
				E487FEBE2A34BA120046D0FB /* Translation */,
				E487FE8B2A2B829C0046D0FB /* CustomComponents */,
				E487FE852A2B80680046D0FB /* Extensions */,
				E487FE822A2B803C0046D0FB /* Helpers */,
				E487FE7C2A2B7E890046D0FB /* Models */,
				E487FE6E2A24880D0046D0FB /* RadhiApp.swift */,
				E487FE722A24880E0046D0FB /* Assets.xcassets */,
				E487FE742A24880E0046D0FB /* Preview Content */,
			);
			path = Radhi;
			sourceTree = "<group>";
		};
		E487FE742A24880E0046D0FB /* Preview Content */ = {
			isa = PBXGroup;
			children = (
				E487FE752A24880E0046D0FB /* Preview Assets.xcassets */,
			);
			path = "Preview Content";
			sourceTree = "<group>";
		};
		E487FE7C2A2B7E890046D0FB /* Models */ = {
			isa = PBXGroup;
			children = (
				E487FE982A2B95E40046D0FB /* Branch.swift */,
			);
			path = Models;
			sourceTree = "<group>";
		};
		E487FE822A2B803C0046D0FB /* Helpers */ = {
			isa = PBXGroup;
			children = (
				E487FE832A2B80510046D0FB /* Constants.swift */,
				E487FE8E2A2B82CD0046D0FB /* Util.swift */,
			);
			path = Helpers;
			sourceTree = "<group>";
		};
		E487FE852A2B80680046D0FB /* Extensions */ = {
			isa = PBXGroup;
			children = (
				E487FE862A2B80840046D0FB /* ColorExtension.swift */,
				E487FE902A2B83730046D0FB /* TextExtension.swift */,
				E42B58CA2B10911A00FCC9B3 /* ButtonExtension.swift */,
			);
			path = Extensions;
			sourceTree = "<group>";
		};
		E487FE8B2A2B829C0046D0FB /* CustomComponents */ = {
			isa = PBXGroup;
			children = (
				E487FE8C2A2B82B40046D0FB /* CustomEmailField.swift */,
				E487FE922A2B84240046D0FB /* CustomPasswordField.swift */,
				E42B58C82B108D6B00FCC9B3 /* CustomAlert.swift */,
				E47CA6D72B11E7CE001AD1BE /* CustomBackButton.swift */,
				E47CA6D92B121901001AD1BE /* CustomRequiredTextField.swift */,
			);
			path = CustomComponents;
			sourceTree = "<group>";
		};
		E487FEBE2A34BA120046D0FB /* Translation */ = {
			isa = PBXGroup;
			children = (
				E487FEC32A34BA380046D0FB /* Localizable.strings */,
			);
			path = Translation;
			sourceTree = "<group>";
		};
/* End PBXGroup section */

/* Begin PBXNativeTarget section */
		E410FA592AE39B6A00F2B8F0 /* RadhiTests */ = {
			isa = PBXNativeTarget;
			buildConfigurationList = E410FA602AE39B6A00F2B8F0 /* Build configuration list for PBXNativeTarget "RadhiTests" */;
			buildPhases = (
				E410FA562AE39B6A00F2B8F0 /* Sources */,
				E410FA572AE39B6A00F2B8F0 /* Frameworks */,
				E410FA582AE39B6A00F2B8F0 /* Resources */,
			);
			buildRules = (
			);
			dependencies = (
				E410FA5F2AE39B6A00F2B8F0 /* PBXTargetDependency */,
			);
			name = RadhiTests;
			productName = RadhiTests;
			productReference = E410FA5A2AE39B6A00F2B8F0 /* RadhiTests.xctest */;
			productType = "com.apple.product-type.bundle.unit-test";
		};
		E487FE6A2A24880D0046D0FB /* Radhi */ = {
			isa = PBXNativeTarget;
			buildConfigurationList = E487FE792A24880E0046D0FB /* Build configuration list for PBXNativeTarget "Radhi" */;
			buildPhases = (
				E487FE672A24880D0046D0FB /* Sources */,
				E487FE682A24880D0046D0FB /* Frameworks */,
				E487FE692A24880D0046D0FB /* Resources */,
				E4FD2A712B10740500200252 /* Swiftlint */,
			);
			buildRules = (
			);
			dependencies = (
			);
			name = Radhi;
			productName = Radhi;
			productReference = E487FE6B2A24880D0046D0FB /* Radhi.app */;
			productType = "com.apple.product-type.application";
		};
/* End PBXNativeTarget section */

/* Begin PBXProject section */
		E487FE632A24880D0046D0FB /* Project object */ = {
			isa = PBXProject;
			attributes = {
				BuildIndependentTargetsInParallel = 1;
				LastSwiftUpdateCheck = 1430;
				LastUpgradeCheck = 1430;
				TargetAttributes = {
					E410FA592AE39B6A00F2B8F0 = {
						CreatedOnToolsVersion = 14.3;
						TestTargetID = E487FE6A2A24880D0046D0FB;
					};
					E487FE6A2A24880D0046D0FB = {
						CreatedOnToolsVersion = 14.3;
					};
				};
			};
			buildConfigurationList = E487FE662A24880D0046D0FB /* Build configuration list for PBXProject "Radhi" */;
			compatibilityVersion = "Xcode 14.0";
			developmentRegion = en;
			hasScannedForEncodings = 0;
			knownRegions = (
				en,
				Base,
				ar,
			);
			mainGroup = E487FE622A24880D0046D0FB;
			productRefGroup = E487FE6C2A24880D0046D0FB /* Products */;
			projectDirPath = "";
			projectRoot = "";
			targets = (
				E487FE6A2A24880D0046D0FB /* Radhi */,
				E410FA592AE39B6A00F2B8F0 /* RadhiTests */,
			);
		};
/* End PBXProject section */

/* Begin PBXResourcesBuildPhase section */
		E410FA582AE39B6A00F2B8F0 /* Resources */ = {
			isa = PBXResourcesBuildPhase;
			buildActionMask = 2147483647;
			files = (
			);
			runOnlyForDeploymentPostprocessing = 0;
		};
		E487FE692A24880D0046D0FB /* Resources */ = {
			isa = PBXResourcesBuildPhase;
			buildActionMask = 2147483647;
			files = (
				E47CA6D62B10C5BA001AD1BE /* .swiftlint.yml in Resources */,
				E487FE762A24880E0046D0FB /* Preview Assets.xcassets in Resources */,
				E42B58DF2B10BE9A00FCC9B3 /* swiftlint.yml in Resources */,
				E487FEC12A34BA380046D0FB /* Localizable.strings in Resources */,
				E487FE732A24880E0046D0FB /* Assets.xcassets in Resources */,
			);
			runOnlyForDeploymentPostprocessing = 0;
		};
/* End PBXResourcesBuildPhase section */

/* Begin PBXShellScriptBuildPhase section */
		E4FD2A712B10740500200252 /* Swiftlint */ = {
			isa = PBXShellScriptBuildPhase;
			buildActionMask = 2147483647;
			files = (
			);
			inputFileListPaths = (
			);
			inputPaths = (
			);
			name = Swiftlint;
			outputFileListPaths = (
			);
			outputPaths = (
			);
			runOnlyForDeploymentPostprocessing = 0;
			shellPath = /bin/sh;
			shellScript = "# Type a script or drag a script file from your workspace to insert its path.\nif which swiftlint >/dev/null; then\n  swiftlint\nelse\n  echo \"warning: SwiftLint not installed\"\nfi\n";
		};
/* End PBXShellScriptBuildPhase section */

/* Begin PBXSourcesBuildPhase section */
		E410FA562AE39B6A00F2B8F0 /* Sources */ = {
			isa = PBXSourcesBuildPhase;
			buildActionMask = 2147483647;
			files = (
				E410FA662AE39C4500F2B8F0 /* LoginViewModelTest.swift in Sources */,
				E410FA5D2AE39B6A00F2B8F0 /* RadhiTests.swift in Sources */,
			);
			runOnlyForDeploymentPostprocessing = 0;
		};
		E487FE672A24880D0046D0FB /* Sources */ = {
			isa = PBXSourcesBuildPhase;
			buildActionMask = 2147483647;
			files = (
				E42B58DB2B10B67000FCC9B3 /* HttpMethods.swift in Sources */,
				E487FE932A2B84240046D0FB /* CustomPasswordField.swift in Sources */,
				E42B58DD2B10BB7600FCC9B3 /* LoginResponse.swift in Sources */,
				E42B58D02B10A9E900FCC9B3 /* APISession.swift in Sources */,
				E410FA4E2AE2E19A00F2B8F0 /* DashboardView.swift in Sources */,
				E487FE972A2B94F80046D0FB /* RegistrationViewModel.swift in Sources */,
				E42B58CE2B1093C300FCC9B3 /* AuthService.swift in Sources */,
				E487FE892A2B822E0046D0FB /* LoginView.swift in Sources */,
				E487FE952A2B84A80046D0FB /* LoginViewModel.swift in Sources */,
				E487FE912A2B83730046D0FB /* TextExtension.swift in Sources */,
				E487FE8D2A2B82B40046D0FB /* CustomEmailField.swift in Sources */,
				E47CA6D82B11E7CE001AD1BE /* CustomBackButton.swift in Sources */,
				E487FE992A2B95E40046D0FB /* Branch.swift in Sources */,
				E42B58D82B10AB3400FCC9B3 /* LoginRequest.swift in Sources */,
				E487FE812A2B80160046D0FB /* RegistrationView.swift in Sources */,
				E487FE8F2A2B82CD0046D0FB /* Util.swift in Sources */,
				E47CA6DA2B121901001AD1BE /* CustomRequiredTextField.swift in Sources */,
				E410FA492AE2DD2A00F2B8F0 /* Router.swift in Sources */,
				E487FE6F2A24880D0046D0FB /* RadhiApp.swift in Sources */,
				E410FA4C2AE2E18900F2B8F0 /* SubmitReviewView.swift in Sources */,
				E487FE842A2B80510046D0FB /* Constants.swift in Sources */,
				E487FE872A2B80840046D0FB /* ColorExtension.swift in Sources */,
				E42B58CB2B10911A00FCC9B3 /* ButtonExtension.swift in Sources */,
				E42B58C92B108D6B00FCC9B3 /* CustomAlert.swift in Sources */,
			);
			runOnlyForDeploymentPostprocessing = 0;
		};
/* End PBXSourcesBuildPhase section */

/* Begin PBXTargetDependency section */
		E410FA5F2AE39B6A00F2B8F0 /* PBXTargetDependency */ = {
			isa = PBXTargetDependency;
			target = E487FE6A2A24880D0046D0FB /* Radhi */;
			targetProxy = E410FA5E2AE39B6A00F2B8F0 /* PBXContainerItemProxy */;
		};
/* End PBXTargetDependency section */

/* Begin PBXVariantGroup section */
		E487FEC32A34BA380046D0FB /* Localizable.strings */ = {
			isa = PBXVariantGroup;
			children = (
				E487FEC22A34BA380046D0FB /* en */,
				E487FEC42A34BA420046D0FB /* ar */,
			);
			name = Localizable.strings;
			sourceTree = "<group>";
		};
/* End PBXVariantGroup section */

/* Begin XCBuildConfiguration section */
		E410FA612AE39B6A00F2B8F0 /* Debug */ = {
			isa = XCBuildConfiguration;
			buildSettings = {
				BUNDLE_LOADER = "$(TEST_HOST)";
				CODE_SIGN_STYLE = Automatic;
				CURRENT_PROJECT_VERSION = 1;
				GENERATE_INFOPLIST_FILE = YES;
				MARKETING_VERSION = 1.0;
				PRODUCT_BUNDLE_IDENTIFIER = com.RadhiTests;
				PRODUCT_NAME = "$(TARGET_NAME)";
				SWIFT_EMIT_LOC_STRINGS = NO;
				SWIFT_VERSION = 5.0;
				TARGETED_DEVICE_FAMILY = "1,2";
				TEST_HOST = "$(BUILT_PRODUCTS_DIR)/Radhi.app/$(BUNDLE_EXECUTABLE_FOLDER_PATH)/Radhi";
			};
			name = Debug;
		};
		E410FA622AE39B6A00F2B8F0 /* Release */ = {
			isa = XCBuildConfiguration;
			buildSettings = {
				BUNDLE_LOADER = "$(TEST_HOST)";
				CODE_SIGN_STYLE = Automatic;
				CURRENT_PROJECT_VERSION = 1;
				GENERATE_INFOPLIST_FILE = YES;
				MARKETING_VERSION = 1.0;
				PRODUCT_BUNDLE_IDENTIFIER = com.RadhiTests;
				PRODUCT_NAME = "$(TARGET_NAME)";
				SWIFT_EMIT_LOC_STRINGS = NO;
				SWIFT_VERSION = 5.0;
				TARGETED_DEVICE_FAMILY = "1,2";
				TEST_HOST = "$(BUILT_PRODUCTS_DIR)/Radhi.app/$(BUNDLE_EXECUTABLE_FOLDER_PATH)/Radhi";
			};
			name = Release;
		};
		E487FE772A24880E0046D0FB /* Debug */ = {
			isa = XCBuildConfiguration;
			buildSettings = {
				ALWAYS_SEARCH_USER_PATHS = NO;
				CLANG_ANALYZER_LOCALIZABILITY_NONLOCALIZED = YES;
				CLANG_ANALYZER_NONNULL = YES;
				CLANG_ANALYZER_NUMBER_OBJECT_CONVERSION = YES_AGGRESSIVE;
				CLANG_CXX_LANGUAGE_STANDARD = "gnu++20";
				CLANG_ENABLE_MODULES = YES;
				CLANG_ENABLE_OBJC_ARC = YES;
				CLANG_ENABLE_OBJC_WEAK = YES;
				CLANG_WARN_BLOCK_CAPTURE_AUTORELEASING = YES;
				CLANG_WARN_BOOL_CONVERSION = YES;
				CLANG_WARN_COMMA = YES;
				CLANG_WARN_CONSTANT_CONVERSION = YES;
				CLANG_WARN_DEPRECATED_OBJC_IMPLEMENTATIONS = YES;
				CLANG_WARN_DIRECT_OBJC_ISA_USAGE = YES_ERROR;
				CLANG_WARN_DOCUMENTATION_COMMENTS = YES;
				CLANG_WARN_EMPTY_BODY = YES;
				CLANG_WARN_ENUM_CONVERSION = YES;
				CLANG_WARN_INFINITE_RECURSION = YES;
				CLANG_WARN_INT_CONVERSION = YES;
				CLANG_WARN_NON_LITERAL_NULL_CONVERSION = YES;
				CLANG_WARN_OBJC_IMPLICIT_RETAIN_SELF = YES;
				CLANG_WARN_OBJC_LITERAL_CONVERSION = YES;
				CLANG_WARN_OBJC_ROOT_CLASS = YES_ERROR;
				CLANG_WARN_QUOTED_INCLUDE_IN_FRAMEWORK_HEADER = YES;
				CLANG_WARN_RANGE_LOOP_ANALYSIS = YES;
				CLANG_WARN_STRICT_PROTOTYPES = YES;
				CLANG_WARN_SUSPICIOUS_MOVE = YES;
				CLANG_WARN_UNGUARDED_AVAILABILITY = YES_AGGRESSIVE;
				CLANG_WARN_UNREACHABLE_CODE = YES;
				CLANG_WARN__DUPLICATE_METHOD_MATCH = YES;
				COPY_PHASE_STRIP = NO;
				DEBUG_INFORMATION_FORMAT = dwarf;
				ENABLE_STRICT_OBJC_MSGSEND = YES;
				ENABLE_TESTABILITY = YES;
				GCC_C_LANGUAGE_STANDARD = gnu11;
				GCC_DYNAMIC_NO_PIC = NO;
				GCC_NO_COMMON_BLOCKS = YES;
				GCC_OPTIMIZATION_LEVEL = 0;
				GCC_PREPROCESSOR_DEFINITIONS = (
					"DEBUG=1",
					"$(inherited)",
				);
				GCC_WARN_64_TO_32_BIT_CONVERSION = YES;
				GCC_WARN_ABOUT_RETURN_TYPE = YES_ERROR;
				GCC_WARN_UNDECLARED_SELECTOR = YES;
				GCC_WARN_UNINITIALIZED_AUTOS = YES_AGGRESSIVE;
				GCC_WARN_UNUSED_FUNCTION = YES;
				GCC_WARN_UNUSED_VARIABLE = YES;
				IPHONEOS_DEPLOYMENT_TARGET = 16.4;
				MTL_ENABLE_DEBUG_INFO = INCLUDE_SOURCE;
				MTL_FAST_MATH = YES;
				ONLY_ACTIVE_ARCH = YES;
				SDKROOT = iphoneos;
				SWIFT_ACTIVE_COMPILATION_CONDITIONS = DEBUG;
				SWIFT_OPTIMIZATION_LEVEL = "-Onone";
			};
			name = Debug;
		};
		E487FE782A24880E0046D0FB /* Release */ = {
			isa = XCBuildConfiguration;
			buildSettings = {
				ALWAYS_SEARCH_USER_PATHS = NO;
				CLANG_ANALYZER_LOCALIZABILITY_NONLOCALIZED = YES;
				CLANG_ANALYZER_NONNULL = YES;
				CLANG_ANALYZER_NUMBER_OBJECT_CONVERSION = YES_AGGRESSIVE;
				CLANG_CXX_LANGUAGE_STANDARD = "gnu++20";
				CLANG_ENABLE_MODULES = YES;
				CLANG_ENABLE_OBJC_ARC = YES;
				CLANG_ENABLE_OBJC_WEAK = YES;
				CLANG_WARN_BLOCK_CAPTURE_AUTORELEASING = YES;
				CLANG_WARN_BOOL_CONVERSION = YES;
				CLANG_WARN_COMMA = YES;
				CLANG_WARN_CONSTANT_CONVERSION = YES;
				CLANG_WARN_DEPRECATED_OBJC_IMPLEMENTATIONS = YES;
				CLANG_WARN_DIRECT_OBJC_ISA_USAGE = YES_ERROR;
				CLANG_WARN_DOCUMENTATION_COMMENTS = YES;
				CLANG_WARN_EMPTY_BODY = YES;
				CLANG_WARN_ENUM_CONVERSION = YES;
				CLANG_WARN_INFINITE_RECURSION = YES;
				CLANG_WARN_INT_CONVERSION = YES;
				CLANG_WARN_NON_LITERAL_NULL_CONVERSION = YES;
				CLANG_WARN_OBJC_IMPLICIT_RETAIN_SELF = YES;
				CLANG_WARN_OBJC_LITERAL_CONVERSION = YES;
				CLANG_WARN_OBJC_ROOT_CLASS = YES_ERROR;
				CLANG_WARN_QUOTED_INCLUDE_IN_FRAMEWORK_HEADER = YES;
				CLANG_WARN_RANGE_LOOP_ANALYSIS = YES;
				CLANG_WARN_STRICT_PROTOTYPES = YES;
				CLANG_WARN_SUSPICIOUS_MOVE = YES;
				CLANG_WARN_UNGUARDED_AVAILABILITY = YES_AGGRESSIVE;
				CLANG_WARN_UNREACHABLE_CODE = YES;
				CLANG_WARN__DUPLICATE_METHOD_MATCH = YES;
				COPY_PHASE_STRIP = NO;
				DEBUG_INFORMATION_FORMAT = "dwarf-with-dsym";
				ENABLE_NS_ASSERTIONS = NO;
				ENABLE_STRICT_OBJC_MSGSEND = YES;
				GCC_C_LANGUAGE_STANDARD = gnu11;
				GCC_NO_COMMON_BLOCKS = YES;
				GCC_WARN_64_TO_32_BIT_CONVERSION = YES;
				GCC_WARN_ABOUT_RETURN_TYPE = YES_ERROR;
				GCC_WARN_UNDECLARED_SELECTOR = YES;
				GCC_WARN_UNINITIALIZED_AUTOS = YES_AGGRESSIVE;
				GCC_WARN_UNUSED_FUNCTION = YES;
				GCC_WARN_UNUSED_VARIABLE = YES;
				IPHONEOS_DEPLOYMENT_TARGET = 16.4;
				MTL_ENABLE_DEBUG_INFO = NO;
				MTL_FAST_MATH = YES;
				SDKROOT = iphoneos;
				SWIFT_COMPILATION_MODE = wholemodule;
				SWIFT_OPTIMIZATION_LEVEL = "-O";
				VALIDATE_PRODUCT = YES;
			};
			name = Release;
		};
		E487FE7A2A24880E0046D0FB /* Debug */ = {
			isa = XCBuildConfiguration;
			buildSettings = {
				ASSETCATALOG_COMPILER_APPICON_NAME = AppIcon;
				ASSETCATALOG_COMPILER_GLOBAL_ACCENT_COLOR_NAME = AccentColor;
				CODE_SIGN_STYLE = Automatic;
				CURRENT_PROJECT_VERSION = 1;
				DEVELOPMENT_ASSET_PATHS = "\"Radhi/Preview Content\"";
				ENABLE_PREVIEWS = YES;
				GENERATE_INFOPLIST_FILE = YES;
				INFOPLIST_KEY_UIApplicationSceneManifest_Generation = YES;
				INFOPLIST_KEY_UIApplicationSupportsIndirectInputEvents = YES;
				INFOPLIST_KEY_UILaunchScreen_Generation = YES;
				INFOPLIST_KEY_UISupportedInterfaceOrientations_iPad = "UIInterfaceOrientationPortrait UIInterfaceOrientationPortraitUpsideDown UIInterfaceOrientationLandscapeLeft UIInterfaceOrientationLandscapeRight";
				INFOPLIST_KEY_UISupportedInterfaceOrientations_iPhone = "UIInterfaceOrientationPortrait UIInterfaceOrientationLandscapeLeft UIInterfaceOrientationLandscapeRight";
				LD_RUNPATH_SEARCH_PATHS = (
					"$(inherited)",
					"@executable_path/Frameworks",
				);
				MARKETING_VERSION = 1.0;
				PRODUCT_BUNDLE_IDENTIFIER = com.Radhi;
				PRODUCT_NAME = "$(TARGET_NAME)";
				SWIFT_EMIT_LOC_STRINGS = YES;
				SWIFT_VERSION = 5.0;
				TARGETED_DEVICE_FAMILY = "1,2";
			};
			name = Debug;
		};
		E487FE7B2A24880E0046D0FB /* Release */ = {
			isa = XCBuildConfiguration;
			buildSettings = {
				ASSETCATALOG_COMPILER_APPICON_NAME = AppIcon;
				ASSETCATALOG_COMPILER_GLOBAL_ACCENT_COLOR_NAME = AccentColor;
				CODE_SIGN_STYLE = Automatic;
				CURRENT_PROJECT_VERSION = 1;
				DEVELOPMENT_ASSET_PATHS = "\"Radhi/Preview Content\"";
				ENABLE_PREVIEWS = YES;
				GENERATE_INFOPLIST_FILE = YES;
				INFOPLIST_KEY_UIApplicationSceneManifest_Generation = YES;
				INFOPLIST_KEY_UIApplicationSupportsIndirectInputEvents = YES;
				INFOPLIST_KEY_UILaunchScreen_Generation = YES;
				INFOPLIST_KEY_UISupportedInterfaceOrientations_iPad = "UIInterfaceOrientationPortrait UIInterfaceOrientationPortraitUpsideDown UIInterfaceOrientationLandscapeLeft UIInterfaceOrientationLandscapeRight";
				INFOPLIST_KEY_UISupportedInterfaceOrientations_iPhone = "UIInterfaceOrientationPortrait UIInterfaceOrientationLandscapeLeft UIInterfaceOrientationLandscapeRight";
				LD_RUNPATH_SEARCH_PATHS = (
					"$(inherited)",
					"@executable_path/Frameworks",
				);
				MARKETING_VERSION = 1.0;
				PRODUCT_BUNDLE_IDENTIFIER = com.Radhi;
				PRODUCT_NAME = "$(TARGET_NAME)";
				SWIFT_EMIT_LOC_STRINGS = YES;
				SWIFT_VERSION = 5.0;
				TARGETED_DEVICE_FAMILY = "1,2";
			};
			name = Release;
		};
/* End XCBuildConfiguration section */

/* Begin XCConfigurationList section */
		E410FA602AE39B6A00F2B8F0 /* Build configuration list for PBXNativeTarget "RadhiTests" */ = {
			isa = XCConfigurationList;
			buildConfigurations = (
				E410FA612AE39B6A00F2B8F0 /* Debug */,
				E410FA622AE39B6A00F2B8F0 /* Release */,
			);
			defaultConfigurationIsVisible = 0;
			defaultConfigurationName = Release;
		};
		E487FE662A24880D0046D0FB /* Build configuration list for PBXProject "Radhi" */ = {
			isa = XCConfigurationList;
			buildConfigurations = (
				E487FE772A24880E0046D0FB /* Debug */,
				E487FE782A24880E0046D0FB /* Release */,
			);
			defaultConfigurationIsVisible = 0;
			defaultConfigurationName = Release;
		};
		E487FE792A24880E0046D0FB /* Build configuration list for PBXNativeTarget "Radhi" */ = {
			isa = XCConfigurationList;
			buildConfigurations = (
				E487FE7A2A24880E0046D0FB /* Debug */,
				E487FE7B2A24880E0046D0FB /* Release */,
			);
			defaultConfigurationIsVisible = 0;
			defaultConfigurationName = Release;
		};
/* End XCConfigurationList section */
	};
	rootObject = E487FE632A24880D0046D0FB /* Project object */;
}
